
Microsoft Visual Studio Solution File, Format Version 12.00
# Visual Studio Version 17
VisualStudioVersion = 17.1.32414.318
MinimumVisualStudioVersion = 10.0.40219.1
Project("{FAE04EC0-301F-11D3-BF4B-00C04F79EFBC}") = "PersonalInterativeCard.MVC", "PersonalInterativeCard.MVC\PersonalInterativeCard.MVC.csproj", "{A28ABE99-D39C-4B5B-9603-48571C2EC079}"
EndProject
Project("{FAE04EC0-301F-11D3-BF4B-00C04F79EFBC}") = "PersonalInterativeCard.Data", "PersonalInterativeCard.Data\PersonalInterativeCard.Data.csproj", "{2A619262-130E-4C35-A6A1-236915D652E8}"
EndProject
Global
	GlobalSection(SolutionConfigurationPlatforms) = preSolution
		Debug|Any CPU = Debug|Any CPU
		Release|Any CPU = Release|Any CPU
	EndGlobalSection
	GlobalSection(ProjectConfigurationPlatforms) = postSolution
		{A28ABE99-D39C-4B5B-9603-48571C2EC079}.Debug|Any CPU.ActiveCfg = Debug|Any CPU
		{A28ABE99-D39C-4B5B-9603-48571C2EC079}.Debug|Any CPU.Build.0 = Debug|Any CPU
		{A28ABE99-D39C-4B5B-9603-48571C2EC079}.Release|Any CPU.ActiveCfg = Release|Any CPU
		{A28ABE99-D39C-4B5B-9603-48571C2EC079}.Release|Any CPU.Build.0 = Release|Any CPU
		{2A619262-130E-4C35-A6A1-236915D652E8}.Debug|Any CPU.ActiveCfg = Debug|Any CPU
		{2A619262-130E-4C35-A6A1-236915D652E8}.Debug|Any CPU.Build.0 = Debug|Any CPU
		{2A619262-130E-4C35-A6A1-236915D652E8}.Release|Any CPU.ActiveCfg = Release|Any CPU
		{2A619262-130E-4C35-A6A1-236915D652E8}.Release|Any CPU.Build.0 = Release|Any CPU
	EndGlobalSection
	GlobalSection(SolutionProperties) = preSolution
		HideSolutionNode = FALSE
	EndGlobalSection
	GlobalSection(ExtensibilityGlobals) = postSolution
		SolutionGuid = {131D8BF5-A769-440C-B0C5-9237A4806CCA}
	EndGlobalSection
EndGlobal
